// !$*UTF8*$!
{
	archiveVersion = 1;
	classes = {
	};
	objectVersion = 46;
	objects = {

/* Begin PBXBuildFile section */
		AD3A11C91C29C46300D3E4FB /* VLKwateeExecutionManager.swift in Sources */ = {isa = PBXBuildFile; fileRef = AD3A11C81C29C46300D3E4FB /* VLKwateeExecutionManager.swift */; };
		AD3A11CB1C29F69800D3E4FB /* VLKwateeEditorState.swift in Sources */ = {isa = PBXBuildFile; fileRef = AD3A11CA1C29F69800D3E4FB /* VLKwateeEditorState.swift */; };
		AD9152121C28859900543724 /* VLKwateeEditorPreferencesWindowController.swift in Sources */ = {isa = PBXBuildFile; fileRef = AD9152101C28859900543724 /* VLKwateeEditorPreferencesWindowController.swift */; };
		AD9152131C28859900543724 /* VLKwateeEditorPreferencesWindowController.xib in Resources */ = {isa = PBXBuildFile; fileRef = AD9152111C28859900543724 /* VLKwateeEditorPreferencesWindowController.xib */; };
		AD9152161C28AB4300543724 /* Configuration.xml in Resources */ = {isa = PBXBuildFile; fileRef = AD9152151C28AB4300543724 /* Configuration.xml */; };
		AD9152191C28ABF800543724 /* VLKwateeConfigurationManager.swift in Sources */ = {isa = PBXBuildFile; fileRef = AD9152181C28ABF800543724 /* VLKwateeConfigurationManager.swift */; };
		ADADE7411C248B690044F337 /* AppDelegate.swift in Sources */ = {isa = PBXBuildFile; fileRef = ADADE7401C248B690044F337 /* AppDelegate.swift */; };
		ADADE7451C248B690044F337 /* Assets.xcassets in Resources */ = {isa = PBXBuildFile; fileRef = ADADE7441C248B690044F337 /* Assets.xcassets */; };
		ADADE7481C248B690044F337 /* Main.storyboard in Resources */ = {isa = PBXBuildFile; fileRef = ADADE7461C248B690044F337 /* Main.storyboard */; };
		ADADE7531C248B690044F337 /* KwateeEditorTests.swift in Sources */ = {isa = PBXBuildFile; fileRef = ADADE7521C248B690044F337 /* KwateeEditorTests.swift */; };
		ADADE75E1C248B690044F337 /* KwateeEditorUITests.swift in Sources */ = {isa = PBXBuildFile; fileRef = ADADE75D1C248B690044F337 /* KwateeEditorUITests.swift */; };
		ADADE78A1C24B3AD0044F337 /* VLKwateeMainViewController.swift in Sources */ = {isa = PBXBuildFile; fileRef = ADADE7891C24B3AD0044F337 /* VLKwateeMainViewController.swift */; };
		ADBBD4B81C2AF1380066EDC1 /* VLKwateeUserPreferencesPersistanceManager.swift in Sources */ = {isa = PBXBuildFile; fileRef = ADBBD4B71C2AF1380066EDC1 /* VLKwateeUserPreferencesPersistanceManager.swift */; };
/* End PBXBuildFile section */

/* Begin PBXContainerItemProxy section */
		ADADE74F1C248B690044F337 /* PBXContainerItemProxy */ = {
			isa = PBXContainerItemProxy;
			containerPortal = ADADE7351C248B690044F337 /* Project object */;
			proxyType = 1;
			remoteGlobalIDString = ADADE73C1C248B690044F337;
			remoteInfo = KwateeEditor;
		};
		ADADE75A1C248B690044F337 /* PBXContainerItemProxy */ = {
			isa = PBXContainerItemProxy;
			containerPortal = ADADE7351C248B690044F337 /* Project object */;
			proxyType = 1;
			remoteGlobalIDString = ADADE73C1C248B690044F337;
			remoteInfo = KwateeEditor;
		};
/* End PBXContainerItemProxy section */

/* Begin PBXFileReference section */
		AD3A11C81C29C46300D3E4FB /* VLKwateeExecutionManager.swift */ = {isa = PBXFileReference; fileEncoding = 4; lastKnownFileType = sourcecode.swift; path = VLKwateeExecutionManager.swift; sourceTree = "<group>"; };
		AD3A11CA1C29F69800D3E4FB /* VLKwateeEditorState.swift */ = {isa = PBXFileReference; fileEncoding = 4; lastKnownFileType = sourcecode.swift; path = VLKwateeEditorState.swift; sourceTree = "<group>"; };
		AD9152101C28859900543724 /* VLKwateeEditorPreferencesWindowController.swift */ = {isa = PBXFileReference; fileEncoding = 4; lastKnownFileType = sourcecode.swift; path = VLKwateeEditorPreferencesWindowController.swift; sourceTree = "<group>"; };
		AD9152111C28859900543724 /* VLKwateeEditorPreferencesWindowController.xib */ = {isa = PBXFileReference; fileEncoding = 4; lastKnownFileType = file.xib; path = VLKwateeEditorPreferencesWindowController.xib; sourceTree = "<group>"; };
		AD9152151C28AB4300543724 /* Configuration.xml */ = {isa = PBXFileReference; fileEncoding = 4; lastKnownFileType = text.xml; path = Configuration.xml; sourceTree = "<group>"; };
		AD9152181C28ABF800543724 /* VLKwateeConfigurationManager.swift */ = {isa = PBXFileReference; fileEncoding = 4; lastKnownFileType = sourcecode.swift; path = VLKwateeConfigurationManager.swift; sourceTree = "<group>"; };
		ADADE73D1C248B690044F337 /* KwateeEditor.app */ = {isa = PBXFileReference; explicitFileType = wrapper.application; includeInIndex = 0; path = KwateeEditor.app; sourceTree = BUILT_PRODUCTS_DIR; };
		ADADE7401C248B690044F337 /* AppDelegate.swift */ = {isa = PBXFileReference; lastKnownFileType = sourcecode.swift; path = AppDelegate.swift; sourceTree = "<group>"; };
		ADADE7441C248B690044F337 /* Assets.xcassets */ = {isa = PBXFileReference; lastKnownFileType = folder.assetcatalog; path = Assets.xcassets; sourceTree = "<group>"; };
		ADADE7471C248B690044F337 /* Base */ = {isa = PBXFileReference; lastKnownFileType = file.storyboard; name = Base; path = Base.lproj/Main.storyboard; sourceTree = "<group>"; };
		ADADE7491C248B690044F337 /* Info.plist */ = {isa = PBXFileReference; lastKnownFileType = text.plist.xml; path = Info.plist; sourceTree = "<group>"; };
		ADADE74E1C248B690044F337 /* KwateeEditorTests.xctest */ = {isa = PBXFileReference; explicitFileType = wrapper.cfbundle; includeInIndex = 0; path = KwateeEditorTests.xctest; sourceTree = BUILT_PRODUCTS_DIR; };
		ADADE7521C248B690044F337 /* KwateeEditorTests.swift */ = {isa = PBXFileReference; lastKnownFileType = sourcecode.swift; path = KwateeEditorTests.swift; sourceTree = "<group>"; };
		ADADE7541C248B690044F337 /* Info.plist */ = {isa = PBXFileReference; lastKnownFileType = text.plist.xml; path = Info.plist; sourceTree = "<group>"; };
		ADADE7591C248B690044F337 /* KwateeEditorUITests.xctest */ = {isa = PBXFileReference; explicitFileType = wrapper.cfbundle; includeInIndex = 0; path = KwateeEditorUITests.xctest; sourceTree = BUILT_PRODUCTS_DIR; };
		ADADE75D1C248B690044F337 /* KwateeEditorUITests.swift */ = {isa = PBXFileReference; lastKnownFileType = sourcecode.swift; path = KwateeEditorUITests.swift; sourceTree = "<group>"; };
		ADADE75F1C248B690044F337 /* Info.plist */ = {isa = PBXFileReference; lastKnownFileType = text.plist.xml; path = Info.plist; sourceTree = "<group>"; };
		ADADE7891C24B3AD0044F337 /* VLKwateeMainViewController.swift */ = {isa = PBXFileReference; fileEncoding = 4; lastKnownFileType = sourcecode.swift; path = VLKwateeMainViewController.swift; sourceTree = "<group>"; };
		ADBBD4B71C2AF1380066EDC1 /* VLKwateeUserPreferencesPersistanceManager.swift */ = {isa = PBXFileReference; fileEncoding = 4; lastKnownFileType = sourcecode.swift; path = VLKwateeUserPreferencesPersistanceManager.swift; sourceTree = "<group>"; };
/* End PBXFileReference section */

/* Begin PBXFrameworksBuildPhase section */
		ADADE73A1C248B690044F337 /* Frameworks */ = {
			isa = PBXFrameworksBuildPhase;
			buildActionMask = 2147483647;
			files = (
			);
			runOnlyForDeploymentPostprocessing = 0;
		};
		ADADE74B1C248B690044F337 /* Frameworks */ = {
			isa = PBXFrameworksBuildPhase;
			buildActionMask = 2147483647;
			files = (
			);
			runOnlyForDeploymentPostprocessing = 0;
		};
		ADADE7561C248B690044F337 /* Frameworks */ = {
			isa = PBXFrameworksBuildPhase;
			buildActionMask = 2147483647;
			files = (
			);
			runOnlyForDeploymentPostprocessing = 0;
		};
/* End PBXFrameworksBuildPhase section */

/* Begin PBXGroup section */
		AD9152141C28AB1700543724 /* configuration */ = {
			isa = PBXGroup;
			children = (
				AD9152151C28AB4300543724 /* Configuration.xml */,
			);
			name = configuration;
			sourceTree = "<group>";
		};
		AD9152171C28ABB300543724 /* foundation */ = {
			isa = PBXGroup;
			children = (
				AD9152181C28ABF800543724 /* VLKwateeConfigurationManager.swift */,
				AD3A11C81C29C46300D3E4FB /* VLKwateeExecutionManager.swift */,
				ADBBD4B71C2AF1380066EDC1 /* VLKwateeUserPreferencesPersistanceManager.swift */,
			);
			name = foundation;
			sourceTree = "<group>";
		};
		ADADE7341C248B690044F337 = {
			isa = PBXGroup;
			children = (
				ADADE73F1C248B690044F337 /* KwateeEditor */,
				ADADE7511C248B690044F337 /* KwateeEditorTests */,
				ADADE75C1C248B690044F337 /* KwateeEditorUITests */,
				ADADE73E1C248B690044F337 /* Products */,
			);
			sourceTree = "<group>";
		};
		ADADE73E1C248B690044F337 /* Products */ = {
			isa = PBXGroup;
			children = (
				ADADE73D1C248B690044F337 /* KwateeEditor.app */,
				ADADE74E1C248B690044F337 /* KwateeEditorTests.xctest */,
				ADADE7591C248B690044F337 /* KwateeEditorUITests.xctest */,
			);
			name = Products;
			sourceTree = "<group>";
		};
		ADADE73F1C248B690044F337 /* KwateeEditor */ = {
			isa = PBXGroup;
			children = (
				AD9152171C28ABB300543724 /* foundation */,
				AD9152141C28AB1700543724 /* configuration */,
				ADADE7881C24B3870044F337 /* viewcontrollers */,
				ADADE76B1C248BD30044F337 /* images */,
				ADADE7401C248B690044F337 /* AppDelegate.swift */,
				ADADE7441C248B690044F337 /* Assets.xcassets */,
				ADADE7461C248B690044F337 /* Main.storyboard */,
				ADADE7491C248B690044F337 /* Info.plist */,
			);
			path = KwateeEditor;
			sourceTree = "<group>";
		};
		ADADE7511C248B690044F337 /* KwateeEditorTests */ = {
			isa = PBXGroup;
			children = (
				ADADE7521C248B690044F337 /* KwateeEditorTests.swift */,
				ADADE7541C248B690044F337 /* Info.plist */,
			);
			path = KwateeEditorTests;
			sourceTree = "<group>";
		};
		ADADE75C1C248B690044F337 /* KwateeEditorUITests */ = {
			isa = PBXGroup;
			children = (
				ADADE75D1C248B690044F337 /* KwateeEditorUITests.swift */,
				ADADE75F1C248B690044F337 /* Info.plist */,
			);
			path = KwateeEditorUITests;
			sourceTree = "<group>";
		};
		ADADE76B1C248BD30044F337 /* images */ = {
			isa = PBXGroup;
			children = (
			);
			name = images;
			sourceTree = "<group>";
		};
		ADADE7881C24B3870044F337 /* viewcontrollers */ = {
			isa = PBXGroup;
			children = (
				ADADE7891C24B3AD0044F337 /* VLKwateeMainViewController.swift */,
				AD9152101C28859900543724 /* VLKwateeEditorPreferencesWindowController.swift */,
				AD9152111C28859900543724 /* VLKwateeEditorPreferencesWindowController.xib */,
				AD3A11CA1C29F69800D3E4FB /* VLKwateeEditorState.swift */,
			);
			name = viewcontrollers;
			sourceTree = "<group>";
		};
/* End PBXGroup section */

/* Begin PBXNativeTarget section */
		ADADE73C1C248B690044F337 /* KwateeEditor */ = {
			isa = PBXNativeTarget;
			buildConfigurationList = ADADE7621C248B690044F337 /* Build configuration list for PBXNativeTarget "KwateeEditor" */;
			buildPhases = (
				ADADE7391C248B690044F337 /* Sources */,
				ADADE73A1C248B690044F337 /* Frameworks */,
				ADADE73B1C248B690044F337 /* Resources */,
			);
			buildRules = (
			);
			dependencies = (
			);
			name = KwateeEditor;
			productName = KwateeEditor;
			productReference = ADADE73D1C248B690044F337 /* KwateeEditor.app */;
			productType = "com.apple.product-type.application";
		};
		ADADE74D1C248B690044F337 /* KwateeEditorTests */ = {
			isa = PBXNativeTarget;
			buildConfigurationList = ADADE7651C248B690044F337 /* Build configuration list for PBXNativeTarget "KwateeEditorTests" */;
			buildPhases = (
				ADADE74A1C248B690044F337 /* Sources */,
				ADADE74B1C248B690044F337 /* Frameworks */,
				ADADE74C1C248B690044F337 /* Resources */,
			);
			buildRules = (
			);
			dependencies = (
				ADADE7501C248B690044F337 /* PBXTargetDependency */,
			);
			name = KwateeEditorTests;
			productName = KwateeEditorTests;
			productReference = ADADE74E1C248B690044F337 /* KwateeEditorTests.xctest */;
			productType = "com.apple.product-type.bundle.unit-test";
		};
		ADADE7581C248B690044F337 /* KwateeEditorUITests */ = {
			isa = PBXNativeTarget;
			buildConfigurationList = ADADE7681C248B690044F337 /* Build configuration list for PBXNativeTarget "KwateeEditorUITests" */;
			buildPhases = (
				ADADE7551C248B690044F337 /* Sources */,
				ADADE7561C248B690044F337 /* Frameworks */,
				ADADE7571C248B690044F337 /* Resources */,
			);
			buildRules = (
			);
			dependencies = (
				ADADE75B1C248B690044F337 /* PBXTargetDependency */,
			);
			name = KwateeEditorUITests;
			productName = KwateeEditorUITests;
			productReference = ADADE7591C248B690044F337 /* KwateeEditorUITests.xctest */;
			productType = "com.apple.product-type.bundle.ui-testing";
		};
/* End PBXNativeTarget section */

/* Begin PBXProject section */
		ADADE7351C248B690044F337 /* Project object */ = {
			isa = PBXProject;
			attributes = {
				LastSwiftUpdateCheck = 0720;
				LastUpgradeCheck = 0720;
				ORGANIZATIONNAME = Varnerlab;
				TargetAttributes = {
					ADADE73C1C248B690044F337 = {
						CreatedOnToolsVersion = 7.2;
						DevelopmentTeam = 9H8NJ2NLT7;
					};
					ADADE74D1C248B690044F337 = {
						CreatedOnToolsVersion = 7.2;
						TestTargetID = ADADE73C1C248B690044F337;
					};
					ADADE7581C248B690044F337 = {
						CreatedOnToolsVersion = 7.2;
						TestTargetID = ADADE73C1C248B690044F337;
					};
				};
			};
			buildConfigurationList = ADADE7381C248B690044F337 /* Build configuration list for PBXProject "KwateeEditor" */;
			compatibilityVersion = "Xcode 3.2";
			developmentRegion = English;
			hasScannedForEncodings = 0;
			knownRegions = (
				en,
				Base,
			);
			mainGroup = ADADE7341C248B690044F337;
			productRefGroup = ADADE73E1C248B690044F337 /* Products */;
			projectDirPath = "";
			projectRoot = "";
			targets = (
				ADADE73C1C248B690044F337 /* KwateeEditor */,
				ADADE74D1C248B690044F337 /* KwateeEditorTests */,
				ADADE7581C248B690044F337 /* KwateeEditorUITests */,
			);
		};
/* End PBXProject section */

/* Begin PBXResourcesBuildPhase section */
		ADADE73B1C248B690044F337 /* Resources */ = {
			isa = PBXResourcesBuildPhase;
			buildActionMask = 2147483647;
			files = (
				AD9152161C28AB4300543724 /* Configuration.xml in Resources */,
				AD9152131C28859900543724 /* VLKwateeEditorPreferencesWindowController.xib in Resources */,
				ADADE7451C248B690044F337 /* Assets.xcassets in Resources */,
				ADADE7481C248B690044F337 /* Main.storyboard in Resources */,
			);
			runOnlyForDeploymentPostprocessing = 0;
		};
		ADADE74C1C248B690044F337 /* Resources */ = {
			isa = PBXResourcesBuildPhase;
			buildActionMask = 2147483647;
			files = (
			);
			runOnlyForDeploymentPostprocessing = 0;
		};
		ADADE7571C248B690044F337 /* Resources */ = {
			isa = PBXResourcesBuildPhase;
			buildActionMask = 2147483647;
			files = (
			);
			runOnlyForDeploymentPostprocessing = 0;
		};
/* End PBXResourcesBuildPhase section */

/* Begin PBXSourcesBuildPhase section */
		ADADE7391C248B690044F337 /* Sources */ = {
			isa = PBXSourcesBuildPhase;
			buildActionMask = 2147483647;
			files = (
				ADADE7411C248B690044F337 /* AppDelegate.swift in Sources */,
				AD9152121C28859900543724 /* VLKwateeEditorPreferencesWindowController.swift in Sources */,
				AD3A11C91C29C46300D3E4FB /* VLKwateeExecutionManager.swift in Sources */,
				AD3A11CB1C29F69800D3E4FB /* VLKwateeEditorState.swift in Sources */,
				ADADE78A1C24B3AD0044F337 /* VLKwateeMainViewController.swift in Sources */,
				AD9152191C28ABF800543724 /* VLKwateeConfigurationManager.swift in Sources */,
				ADBBD4B81C2AF1380066EDC1 /* VLKwateeUserPreferencesPersistanceManager.swift in Sources */,
			);
			runOnlyForDeploymentPostprocessing = 0;
		};
		ADADE74A1C248B690044F337 /* Sources */ = {
			isa = PBXSourcesBuildPhase;
			buildActionMask = 2147483647;
			files = (
				ADADE7531C248B690044F337 /* KwateeEditorTests.swift in Sources */,
			);
			runOnlyForDeploymentPostprocessing = 0;
		};
		ADADE7551C248B690044F337 /* Sources */ = {
			isa = PBXSourcesBuildPhase;
			buildActionMask = 2147483647;
			files = (
				ADADE75E1C248B690044F337 /* KwateeEditorUITests.swift in Sources */,
			);
			runOnlyForDeploymentPostprocessing = 0;
		};
/* End PBXSourcesBuildPhase section */

/* Begin PBXTargetDependency section */
		ADADE7501C248B690044F337 /* PBXTargetDependency */ = {
			isa = PBXTargetDependency;
			target = ADADE73C1C248B690044F337 /* KwateeEditor */;
			targetProxy = ADADE74F1C248B690044F337 /* PBXContainerItemProxy */;
		};
		ADADE75B1C248B690044F337 /* PBXTargetDependency */ = {
			isa = PBXTargetDependency;
			target = ADADE73C1C248B690044F337 /* KwateeEditor */;
			targetProxy = ADADE75A1C248B690044F337 /* PBXContainerItemProxy */;
		};
/* End PBXTargetDependency section */

/* Begin PBXVariantGroup section */
		ADADE7461C248B690044F337 /* Main.storyboard */ = {
			isa = PBXVariantGroup;
			children = (
				ADADE7471C248B690044F337 /* Base */,
			);
			name = Main.storyboard;
			sourceTree = "<group>";
		};
/* End PBXVariantGroup section */

/* Begin XCBuildConfiguration section */
		ADADE7601C248B690044F337 /* Debug */ = {
			isa = XCBuildConfiguration;
			buildSettings = {
				ALWAYS_SEARCH_USER_PATHS = NO;
				CLANG_CXX_LANGUAGE_STANDARD = "gnu++0x";
				CLANG_CXX_LIBRARY = "libc++";
				CLANG_ENABLE_MODULES = YES;
				CLANG_ENABLE_OBJC_ARC = YES;
				CLANG_WARN_BOOL_CONVERSION = YES;
				CLANG_WARN_CONSTANT_CONVERSION = YES;
				CLANG_WARN_DIRECT_OBJC_ISA_USAGE = YES_ERROR;
				CLANG_WARN_EMPTY_BODY = YES;
				CLANG_WARN_ENUM_CONVERSION = YES;
				CLANG_WARN_INT_CONVERSION = YES;
				CLANG_WARN_OBJC_ROOT_CLASS = YES_ERROR;
				CLANG_WARN_UNREACHABLE_CODE = YES;
				CLANG_WARN__DUPLICATE_METHOD_MATCH = YES;
				CODE_SIGN_IDENTITY = "-";
				COPY_PHASE_STRIP = NO;
				DEBUG_INFORMATION_FORMAT = dwarf;
				ENABLE_STRICT_OBJC_MSGSEND = YES;
				ENABLE_TESTABILITY = YES;
				GCC_C_LANGUAGE_STANDARD = gnu99;
				GCC_DYNAMIC_NO_PIC = NO;
				GCC_NO_COMMON_BLOCKS = YES;
				GCC_OPTIMIZATION_LEVEL = 0;
				GCC_PREPROCESSOR_DEFINITIONS = (
					"DEBUG=1",
					"$(inherited)",
				);
				GCC_WARN_64_TO_32_BIT_CONVERSION = YES;
				GCC_WARN_ABOUT_RETURN_TYPE = YES_ERROR;
				GCC_WARN_UNDECLARED_SELECTOR = YES;
				GCC_WARN_UNINITIALIZED_AUTOS = YES_AGGRESSIVE;
				GCC_WARN_UNUSED_FUNCTION = YES;
				GCC_WARN_UNUSED_VARIABLE = YES;
				MACOSX_DEPLOYMENT_TARGET = 10.11;
				MTL_ENABLE_DEBUG_INFO = YES;
				ONLY_ACTIVE_ARCH = YES;
				SDKROOT = macosx;
				SWIFT_OPTIMIZATION_LEVEL = "-Onone";
			};
			name = Debug;
		};
		ADADE7611C248B690044F337 /* Release */ = {
			isa = XCBuildConfiguration;
			buildSettings = {
				ALWAYS_SEARCH_USER_PATHS = NO;
				CLANG_CXX_LANGUAGE_STANDARD = "gnu++0x";
				CLANG_CXX_LIBRARY = "libc++";
				CLANG_ENABLE_MODULES = YES;
				CLANG_ENABLE_OBJC_ARC = YES;
				CLANG_WARN_BOOL_CONVERSION = YES;
				CLANG_WARN_CONSTANT_CONVERSION = YES;
				CLANG_WARN_DIRECT_OBJC_ISA_USAGE = YES_ERROR;
				CLANG_WARN_EMPTY_BODY = YES;
				CLANG_WARN_ENUM_CONVERSION = YES;
				CLANG_WARN_INT_CONVERSION = YES;
				CLANG_WARN_OBJC_ROOT_CLASS = YES_ERROR;
				CLANG_WARN_UNREACHABLE_CODE = YES;
				CLANG_WARN__DUPLICATE_METHOD_MATCH = YES;
				CODE_SIGN_IDENTITY = "-";
				COPY_PHASE_STRIP = NO;
				DEBUG_INFORMATION_FORMAT = "dwarf-with-dsym";
				ENABLE_NS_ASSERTIONS = NO;
				ENABLE_STRICT_OBJC_MSGSEND = YES;
				GCC_C_LANGUAGE_STANDARD = gnu99;
				GCC_NO_COMMON_BLOCKS = YES;
				GCC_WARN_64_TO_32_BIT_CONVERSION = YES;
				GCC_WARN_ABOUT_RETURN_TYPE = YES_ERROR;
				GCC_WARN_UNDECLARED_SELECTOR = YES;
				GCC_WARN_UNINITIALIZED_AUTOS = YES_AGGRESSIVE;
				GCC_WARN_UNUSED_FUNCTION = YES;
				GCC_WARN_UNUSED_VARIABLE = YES;
				MACOSX_DEPLOYMENT_TARGET = 10.11;
				MTL_ENABLE_DEBUG_INFO = NO;
				SDKROOT = macosx;
			};
			name = Release;
		};
		ADADE7631C248B690044F337 /* Debug */ = {
			isa = XCBuildConfiguration;
			buildSettings = {
				ASSETCATALOG_COMPILER_APPICON_NAME = AppIcon;
				CODE_SIGN_IDENTITY = "Developer ID Application";
				"CODE_SIGN_IDENTITY[sdk=macosx*]" = "Mac Developer";
				COMBINE_HIDPI_IMAGES = YES;
				INFOPLIST_FILE = KwateeEditor/Info.plist;
				LD_RUNPATH_SEARCH_PATHS = "$(inherited) @executable_path/../Frameworks";
				PRODUCT_BUNDLE_IDENTIFIER = org.varnerlab.KwateeEditor;
				PRODUCT_NAME = "$(TARGET_NAME)";
				PROVISIONING_PROFILE = "";
			};
			name = Debug;
		};
		ADADE7641C248B690044F337 /* Release */ = {
			isa = XCBuildConfiguration;
			buildSettings = {
				ASSETCATALOG_COMPILER_APPICON_NAME = AppIcon;
				CODE_SIGN_IDENTITY = "Developer ID Application";
				"CODE_SIGN_IDENTITY[sdk=macosx*]" = "Mac Developer";
				COMBINE_HIDPI_IMAGES = YES;
				INFOPLIST_FILE = KwateeEditor/Info.plist;
				LD_RUNPATH_SEARCH_PATHS = "$(inherited) @executable_path/../Frameworks";
				PRODUCT_BUNDLE_IDENTIFIER = org.varnerlab.KwateeEditor;
				PRODUCT_NAME = "$(TARGET_NAME)";
				PROVISIONING_PROFILE = "";
			};
			name = Release;
		};
		ADADE7661C248B690044F337 /* Debug */ = {
			isa = XCBuildConfiguration;
			buildSettings = {
				BUNDLE_LOADER = "$(TEST_HOST)";
				COMBINE_HIDPI_IMAGES = YES;
				INFOPLIST_FILE = KwateeEditorTests/Info.plist;
				LD_RUNPATH_SEARCH_PATHS = "$(inherited) @executable_path/../Frameworks @loader_path/../Frameworks";
				PRODUCT_BUNDLE_IDENTIFIER = org.varnerlab.KwateeEditorTests;
				PRODUCT_NAME = "$(TARGET_NAME)";
				TEST_HOST = "$(BUILT_PRODUCTS_DIR)/KwateeEditor.app/Contents/MacOS/KwateeEditor";
			};
			name = Debug;
		};
		ADADE7671C248B690044F337 /* Release */ = {
			isa = XCBuildConfiguration;
			buildSettings = {
				BUNDLE_LOADER = "$(TEST_HOST)";
				COMBINE_HIDPI_IMAGES = YES;
				INFOPLIST_FILE = KwateeEditorTests/Info.plist;
				LD_RUNPATH_SEARCH_PATHS = "$(inherited) @executable_path/../Frameworks @loader_path/../Frameworks";
				PRODUCT_BUNDLE_IDENTIFIER = org.varnerlab.KwateeEditorTests;
				PRODUCT_NAME = "$(TARGET_NAME)";
				TEST_HOST = "$(BUILT_PRODUCTS_DIR)/KwateeEditor.app/Contents/MacOS/KwateeEditor";
			};
			name = Release;
		};
		ADADE7691C248B690044F337 /* Debug */ = {
			isa = XCBuildConfiguration;
			buildSettings = {
				COMBINE_HIDPI_IMAGES = YES;
				INFOPLIST_FILE = KwateeEditorUITests/Info.plist;
				LD_RUNPATH_SEARCH_PATHS = "$(inherited) @executable_path/../Frameworks @loader_path/../Frameworks";
				PRODUCT_BUNDLE_IDENTIFIER = org.varnerlab.KwateeEditorUITests;
				PRODUCT_NAME = "$(TARGET_NAME)";
				TEST_TARGET_NAME = KwateeEditor;
				USES_XCTRUNNER = YES;
			};
			name = Debug;
		};
		ADADE76A1C248B690044F337 /* Release */ = {
			isa = XCBuildConfiguration;
			buildSettings = {
				COMBINE_HIDPI_IMAGES = YES;
				INFOPLIST_FILE = KwateeEditorUITests/Info.plist;
				LD_RUNPATH_SEARCH_PATHS = "$(inherited) @executable_path/../Frameworks @loader_path/../Frameworks";
				PRODUCT_BUNDLE_IDENTIFIER = org.varnerlab.KwateeEditorUITests;
				PRODUCT_NAME = "$(TARGET_NAME)";
				TEST_TARGET_NAME = KwateeEditor;
				USES_XCTRUNNER = YES;
			};
			name = Release;
		};
/* End XCBuildConfiguration section */

/* Begin XCConfigurationList section */
		ADADE7381C248B690044F337 /* Build configuration list for PBXProject "KwateeEditor" */ = {
			isa = XCConfigurationList;
			buildConfigurations = (
				ADADE7601C248B690044F337 /* Debug */,
				ADADE7611C248B690044F337 /* Release */,
			);
			defaultConfigurationIsVisible = 0;
			defaultConfigurationName = Release;
		};
		ADADE7621C248B690044F337 /* Build configuration list for PBXNativeTarget "KwateeEditor" */ = {
			isa = XCConfigurationList;
			buildConfigurations = (
				ADADE7631C248B690044F337 /* Debug */,
				ADADE7641C248B690044F337 /* Release */,
			);
			defaultConfigurationIsVisible = 0;
			defaultConfigurationName = Release;
		};
		ADADE7651C248B690044F337 /* Build configuration list for PBXNativeTarget "KwateeEditorTests" */ = {
			isa = XCConfigurationList;
			buildConfigurations = (
				ADADE7661C248B690044F337 /* Debug */,
				ADADE7671C248B690044F337 /* Release */,
			);
			defaultConfigurationIsVisible = 0;
			defaultConfigurationName = Release;
		};
		ADADE7681C248B690044F337 /* Build configuration list for PBXNativeTarget "KwateeEditorUITests" */ = {
			isa = XCConfigurationList;
			buildConfigurations = (
				ADADE7691C248B690044F337 /* Debug */,
				ADADE76A1C248B690044F337 /* Release */,
			);
			defaultConfigurationIsVisible = 0;
			defaultConfigurationName = Release;
		};
/* End XCConfigurationList section */
	};
	rootObject = ADADE7351C248B690044F337 /* Project object */;
}
